
Microsoft Visual Studio Solution File, Format Version 12.00
# Visual Studio Version 16
VisualStudioVersion = 16.0.31205.134
MinimumVisualStudioVersion = 10.0.40219.1
Project("{9A19103F-16F7-4668-BE54-9A1E7A4F7556}") = "TriangleLogoDrawer.Data", "TriangleLogoDrawer.Data\TriangleLogoDrawer.Data.csproj", "{C667BEDB-2DD7-46A1-A91B-CDF957DFA181}"
EndProject
Project("{9A19103F-16F7-4668-BE54-9A1E7A4F7556}") = "TriangleLogoDrawer.Data.Services", "TriangleLogoDrawer.Data.Services\TriangleLogoDrawer.Data.Services.csproj", "{A3C4A186-AEA0-4F07-B8B4-D947D7989122}"
EndProject
Project("{9A19103F-16F7-4668-BE54-9A1E7A4F7556}") = "TriangleLogoDrawer.Data.Services.Infrastructure.InMemory", "TriangleLogoDrawer.Data.Services.Infrastructure.InMemory\TriangleLogoDrawer.Data.Services.Infrastructure.InMemory.csproj", "{42024D07-F60E-42CB-A579-0EAD975BCF76}"
EndProject
Project("{9A19103F-16F7-4668-BE54-9A1E7A4F7556}") = "TriangleLogoDrawer.Data.Services.Infrastructure", "TriangleLogoDrawer.Data.Services.Infrastructure\TriangleLogoDrawer.Data.Services.Infrastructure.csproj", "{E1CFF0F3-5E16-488D-97AB-ADD505D11AE2}"
EndProject
Project("{9A19103F-16F7-4668-BE54-9A1E7A4F7556}") = "TriangleLogoDrawer.Editor", "TriangleLogoDrawer.Editor\TriangleLogoDrawer.Editor.csproj", "{67C0954B-23AD-496E-9A3B-F3491B78A522}"
EndProject
Project("{9A19103F-16F7-4668-BE54-9A1E7A4F7556}") = "SimpleDependencyProvider", "SimpleDependencyProvider\SimpleDependencyProvider.csproj", "{3B242B48-EF06-408F-B3CB-345245B94D9C}"
EndProject
Project("{9A19103F-16F7-4668-BE54-9A1E7A4F7556}") = "TriangleLogoDrawer.Data.Services.SimpleDependencyProvidedSetup", "TriangleLogoDrawer.Data.Services.SimpleDependencyProvidedSetup\TriangleLogoDrawer.Data.Services.SimpleDependencyProvidedSetup.csproj", "{C32B05A1-F74D-4A1D-801F-60CFEE347193}"
EndProject
Project("{9A19103F-16F7-4668-BE54-9A1E7A4F7556}") = "TriangleLogoDrawer.Editor.WinForm", "TriangleLogoDrawer.Editor.WinForm\TriangleLogoDrawer.Editor.WinForm.csproj", "{8103C4FE-07FF-4F8E-8CB8-876FB2559E2F}"
EndProject
Project("{FAE04EC0-301F-11D3-BF4B-00C04F79EFBC}") = "MultiWinFormCloser", "MultiWinFormCloser\MultiWinFormCloser.csproj", "{9F5677BE-E942-460D-BB2F-71D83E8B818E}"
EndProject
Project("{9A19103F-16F7-4668-BE54-9A1E7A4F7556}") = "TriangleLogoDrawer.Editor.FormOpener", "TriangleLogoDrawer.Editor.FormOpener\TriangleLogoDrawer.Editor.FormOpener.csproj", "{ED4418E3-0AA8-4DFC-A816-C12985E1D45E}"
EndProject
Global
	GlobalSection(SolutionConfigurationPlatforms) = preSolution
		Debug|Any CPU = Debug|Any CPU
		Release|Any CPU = Release|Any CPU
	EndGlobalSection
	GlobalSection(ProjectConfigurationPlatforms) = postSolution
		{C667BEDB-2DD7-46A1-A91B-CDF957DFA181}.Debug|Any CPU.ActiveCfg = Debug|Any CPU
		{C667BEDB-2DD7-46A1-A91B-CDF957DFA181}.Debug|Any CPU.Build.0 = Debug|Any CPU
		{C667BEDB-2DD7-46A1-A91B-CDF957DFA181}.Release|Any CPU.ActiveCfg = Release|Any CPU
		{C667BEDB-2DD7-46A1-A91B-CDF957DFA181}.Release|Any CPU.Build.0 = Release|Any CPU
		{A3C4A186-AEA0-4F07-B8B4-D947D7989122}.Debug|Any CPU.ActiveCfg = Debug|Any CPU
		{A3C4A186-AEA0-4F07-B8B4-D947D7989122}.Debug|Any CPU.Build.0 = Debug|Any CPU
		{A3C4A186-AEA0-4F07-B8B4-D947D7989122}.Release|Any CPU.ActiveCfg = Release|Any CPU
		{A3C4A186-AEA0-4F07-B8B4-D947D7989122}.Release|Any CPU.Build.0 = Release|Any CPU
		{42024D07-F60E-42CB-A579-0EAD975BCF76}.Debug|Any CPU.ActiveCfg = Debug|Any CPU
		{42024D07-F60E-42CB-A579-0EAD975BCF76}.Debug|Any CPU.Build.0 = Debug|Any CPU
		{42024D07-F60E-42CB-A579-0EAD975BCF76}.Release|Any CPU.ActiveCfg = Release|Any CPU
		{42024D07-F60E-42CB-A579-0EAD975BCF76}.Release|Any CPU.Build.0 = Release|Any CPU
		{E1CFF0F3-5E16-488D-97AB-ADD505D11AE2}.Debug|Any CPU.ActiveCfg = Debug|Any CPU
		{E1CFF0F3-5E16-488D-97AB-ADD505D11AE2}.Debug|Any CPU.Build.0 = Debug|Any CPU
		{E1CFF0F3-5E16-488D-97AB-ADD505D11AE2}.Release|Any CPU.ActiveCfg = Release|Any CPU
		{E1CFF0F3-5E16-488D-97AB-ADD505D11AE2}.Release|Any CPU.Build.0 = Release|Any CPU
		{67C0954B-23AD-496E-9A3B-F3491B78A522}.Debug|Any CPU.ActiveCfg = Debug|Any CPU
		{67C0954B-23AD-496E-9A3B-F3491B78A522}.Debug|Any CPU.Build.0 = Debug|Any CPU
		{67C0954B-23AD-496E-9A3B-F3491B78A522}.Release|Any CPU.ActiveCfg = Release|Any CPU
		{67C0954B-23AD-496E-9A3B-F3491B78A522}.Release|Any CPU.Build.0 = Release|Any CPU
		{3B242B48-EF06-408F-B3CB-345245B94D9C}.Debug|Any CPU.ActiveCfg = Debug|Any CPU
		{3B242B48-EF06-408F-B3CB-345245B94D9C}.Debug|Any CPU.Build.0 = Debug|Any CPU
		{3B242B48-EF06-408F-B3CB-345245B94D9C}.Release|Any CPU.ActiveCfg = Release|Any CPU
		{3B242B48-EF06-408F-B3CB-345245B94D9C}.Release|Any CPU.Build.0 = Release|Any CPU
		{C32B05A1-F74D-4A1D-801F-60CFEE347193}.Debug|Any CPU.ActiveCfg = Debug|Any CPU
		{C32B05A1-F74D-4A1D-801F-60CFEE347193}.Debug|Any CPU.Build.0 = Debug|Any CPU
		{C32B05A1-F74D-4A1D-801F-60CFEE347193}.Release|Any CPU.ActiveCfg = Release|Any CPU
		{C32B05A1-F74D-4A1D-801F-60CFEE347193}.Release|Any CPU.Build.0 = Release|Any CPU
		{8103C4FE-07FF-4F8E-8CB8-876FB2559E2F}.Debug|Any CPU.ActiveCfg = Debug|Any CPU
		{8103C4FE-07FF-4F8E-8CB8-876FB2559E2F}.Debug|Any CPU.Build.0 = Debug|Any CPU
		{8103C4FE-07FF-4F8E-8CB8-876FB2559E2F}.Release|Any CPU.ActiveCfg = Release|Any CPU
		{8103C4FE-07FF-4F8E-8CB8-876FB2559E2F}.Release|Any CPU.Build.0 = Release|Any CPU
		{9F5677BE-E942-460D-BB2F-71D83E8B818E}.Debug|Any CPU.ActiveCfg = Debug|Any CPU
		{9F5677BE-E942-460D-BB2F-71D83E8B818E}.Debug|Any CPU.Build.0 = Debug|Any CPU
		{9F5677BE-E942-460D-BB2F-71D83E8B818E}.Release|Any CPU.ActiveCfg = Release|Any CPU
		{9F5677BE-E942-460D-BB2F-71D83E8B818E}.Release|Any CPU.Build.0 = Release|Any CPU
		{ED4418E3-0AA8-4DFC-A816-C12985E1D45E}.Debug|Any CPU.ActiveCfg = Debug|Any CPU
		{ED4418E3-0AA8-4DFC-A816-C12985E1D45E}.Debug|Any CPU.Build.0 = Debug|Any CPU
		{ED4418E3-0AA8-4DFC-A816-C12985E1D45E}.Release|Any CPU.ActiveCfg = Release|Any CPU
		{ED4418E3-0AA8-4DFC-A816-C12985E1D45E}.Release|Any CPU.Build.0 = Release|Any CPU
	EndGlobalSection
	GlobalSection(SolutionProperties) = preSolution
		HideSolutionNode = FALSE
	EndGlobalSection
	GlobalSection(ExtensibilityGlobals) = postSolution
		SolutionGuid = {67611DD7-8DB6-49E3-93BD-BCAAC612A813}
	EndGlobalSection
EndGlobal
