
Microsoft Visual Studio Solution File, Format Version 12.00
# Visual Studio Version 16
VisualStudioVersion = 16.0.31205.134
MinimumVisualStudioVersion = 10.0.40219.1
Project("{FAE04EC0-301F-11D3-BF4B-00C04F79EFBC}") = "TriangleLogoDrawer.Data", "TriangleLogoDrawer.Data\TriangleLogoDrawer.Data.csproj", "{C667BEDB-2DD7-46A1-A91B-CDF957DFA181}"
EndProject
Project("{FAE04EC0-301F-11D3-BF4B-00C04F79EFBC}") = "TriangleLogoDrawer.Data.Services", "TriangleLogoDrawer.Data.Services\TriangleLogoDrawer.Data.Services.csproj", "{A3C4A186-AEA0-4F07-B8B4-D947D7989122}"
EndProject
Project("{FAE04EC0-301F-11D3-BF4B-00C04F79EFBC}") = "TriangleLogoDrawer.Data.Services.Infrastructure.InMemory", "TriangleLogoDrawer.Data.Services.Infrastructure.InMemory\TriangleLogoDrawer.Data.Services.Infrastructure.InMemory.csproj", "{42024D07-F60E-42CB-A579-0EAD975BCF76}"
EndProject
Global
	GlobalSection(SolutionConfigurationPlatforms) = preSolution
		Debug|Any CPU = Debug|Any CPU
		Release|Any CPU = Release|Any CPU
	EndGlobalSection
	GlobalSection(ProjectConfigurationPlatforms) = postSolution
		{C667BEDB-2DD7-46A1-A91B-CDF957DFA181}.Debug|Any CPU.ActiveCfg = Debug|Any CPU
		{C667BEDB-2DD7-46A1-A91B-CDF957DFA181}.Debug|Any CPU.Build.0 = Debug|Any CPU
		{C667BEDB-2DD7-46A1-A91B-CDF957DFA181}.Release|Any CPU.ActiveCfg = Release|Any CPU
		{C667BEDB-2DD7-46A1-A91B-CDF957DFA181}.Release|Any CPU.Build.0 = Release|Any CPU
		{A3C4A186-AEA0-4F07-B8B4-D947D7989122}.Debug|Any CPU.ActiveCfg = Debug|Any CPU
		{A3C4A186-AEA0-4F07-B8B4-D947D7989122}.Debug|Any CPU.Build.0 = Debug|Any CPU
		{A3C4A186-AEA0-4F07-B8B4-D947D7989122}.Release|Any CPU.ActiveCfg = Release|Any CPU
		{A3C4A186-AEA0-4F07-B8B4-D947D7989122}.Release|Any CPU.Build.0 = Release|Any CPU
		{42024D07-F60E-42CB-A579-0EAD975BCF76}.Debug|Any CPU.ActiveCfg = Debug|Any CPU
		{42024D07-F60E-42CB-A579-0EAD975BCF76}.Debug|Any CPU.Build.0 = Debug|Any CPU
		{42024D07-F60E-42CB-A579-0EAD975BCF76}.Release|Any CPU.ActiveCfg = Release|Any CPU
		{42024D07-F60E-42CB-A579-0EAD975BCF76}.Release|Any CPU.Build.0 = Release|Any CPU
	EndGlobalSection
	GlobalSection(SolutionProperties) = preSolution
		HideSolutionNode = FALSE
	EndGlobalSection
	GlobalSection(ExtensibilityGlobals) = postSolution
		SolutionGuid = {67611DD7-8DB6-49E3-93BD-BCAAC612A813}
	EndGlobalSection
EndGlobal
