
Microsoft Visual Studio Solution File, Format Version 12.00
# Visual Studio Version 16
VisualStudioVersion = 16.0.31205.134
MinimumVisualStudioVersion = 10.0.40219.1
Project("{9A19103F-16F7-4668-BE54-9A1E7A4F7556}") = "TriangleLogoDrawer.Editor", "TriangleLogoDrawer.Editor\TriangleLogoDrawer.Editor.csproj", "{67C0954B-23AD-496E-9A3B-F3491B78A522}"
EndProject
Project("{9A19103F-16F7-4668-BE54-9A1E7A4F7556}") = "SimpleDependencyProvider", "SimpleDependencyProvider\SimpleDependencyProvider.csproj", "{3B242B48-EF06-408F-B3CB-345245B94D9C}"
EndProject
Project("{9A19103F-16F7-4668-BE54-9A1E7A4F7556}") = "TriangleLogoDrawer.Data.Services.SimpleDependencyProvidedSetup", "TriangleLogoDrawer.Data.Services.SimpleDependencyProvidedSetup\TriangleLogoDrawer.Data.Services.SimpleDependencyProvidedSetup.csproj", "{C32B05A1-F74D-4A1D-801F-60CFEE347193}"
EndProject
Project("{9A19103F-16F7-4668-BE54-9A1E7A4F7556}") = "TriangleLogoDrawer.Editor.WinForm", "TriangleLogoDrawer.Editor.WinForm\TriangleLogoDrawer.Editor.WinForm.csproj", "{8103C4FE-07FF-4F8E-8CB8-876FB2559E2F}"
EndProject
Project("{9A19103F-16F7-4668-BE54-9A1E7A4F7556}") = "MultiWinFormCloser", "MultiWinFormCloser\MultiWinFormCloser.csproj", "{9F5677BE-E942-460D-BB2F-71D83E8B818E}"
EndProject
Project("{9A19103F-16F7-4668-BE54-9A1E7A4F7556}") = "TriangleLogoDrawer.Editor.FormOpener", "TriangleLogoDrawer.Editor.FormOpener\TriangleLogoDrawer.Editor.FormOpener.csproj", "{ED4418E3-0AA8-4DFC-A816-C12985E1D45E}"
EndProject
Project("{9A19103F-16F7-4668-BE54-9A1E7A4F7556}") = "TriangleLogoDrawer.ApplicationCore", "TriangleLogoDrawer.ApplicationCore\TriangleLogoDrawer.ApplicationCore.csproj", "{F937EF39-C319-4568-9F11-6F4F6E44B8B0}"
EndProject
Project("{9A19103F-16F7-4668-BE54-9A1E7A4F7556}") = "TriangleLogoDrawer.Infrastructure", "TriangleLogoDrawer.Infrastructure\TriangleLogoDrawer.Infrastructure.csproj", "{2CF8DAF2-092B-4241-BA32-10629C24E846}"
EndProject
Project("{FAE04EC0-301F-11D3-BF4B-00C04F79EFBC}") = "TriangleLogoDrawer.Editor.WPF", "TriangleLogoDrawer.Editor.WPF\TriangleLogoDrawer.Editor.WPF.csproj", "{A9E0F321-9097-4E31-8B2C-32912279405C}"
EndProject
Project("{FAE04EC0-301F-11D3-BF4B-00C04F79EFBC}") = "TriangleLogoDrawer.Editor.ViewModel", "TriangleLogoDrawer.Editor.ViewModel\TriangleLogoDrawer.Editor.ViewModel.csproj", "{2DF22A68-E2BD-4463-89F1-7FA323642E0F}"
EndProject
Global
	GlobalSection(SolutionConfigurationPlatforms) = preSolution
		Debug|Any CPU = Debug|Any CPU
		Debug|arm64 = Debug|arm64
		Debug|x64 = Debug|x64
		Debug|x86 = Debug|x86
		Release|Any CPU = Release|Any CPU
		Release|arm64 = Release|arm64
		Release|x64 = Release|x64
		Release|x86 = Release|x86
	EndGlobalSection
	GlobalSection(ProjectConfigurationPlatforms) = postSolution
		{67C0954B-23AD-496E-9A3B-F3491B78A522}.Debug|Any CPU.ActiveCfg = Debug|Any CPU
		{67C0954B-23AD-496E-9A3B-F3491B78A522}.Debug|Any CPU.Build.0 = Debug|Any CPU
		{67C0954B-23AD-496E-9A3B-F3491B78A522}.Debug|arm64.ActiveCfg = Debug|Any CPU
		{67C0954B-23AD-496E-9A3B-F3491B78A522}.Debug|arm64.Build.0 = Debug|Any CPU
		{67C0954B-23AD-496E-9A3B-F3491B78A522}.Debug|x64.ActiveCfg = Debug|Any CPU
		{67C0954B-23AD-496E-9A3B-F3491B78A522}.Debug|x64.Build.0 = Debug|Any CPU
		{67C0954B-23AD-496E-9A3B-F3491B78A522}.Debug|x86.ActiveCfg = Debug|Any CPU
		{67C0954B-23AD-496E-9A3B-F3491B78A522}.Debug|x86.Build.0 = Debug|Any CPU
		{67C0954B-23AD-496E-9A3B-F3491B78A522}.Release|Any CPU.ActiveCfg = Release|Any CPU
		{67C0954B-23AD-496E-9A3B-F3491B78A522}.Release|Any CPU.Build.0 = Release|Any CPU
		{67C0954B-23AD-496E-9A3B-F3491B78A522}.Release|arm64.ActiveCfg = Release|Any CPU
		{67C0954B-23AD-496E-9A3B-F3491B78A522}.Release|arm64.Build.0 = Release|Any CPU
		{67C0954B-23AD-496E-9A3B-F3491B78A522}.Release|x64.ActiveCfg = Release|Any CPU
		{67C0954B-23AD-496E-9A3B-F3491B78A522}.Release|x64.Build.0 = Release|Any CPU
		{67C0954B-23AD-496E-9A3B-F3491B78A522}.Release|x86.ActiveCfg = Release|Any CPU
		{67C0954B-23AD-496E-9A3B-F3491B78A522}.Release|x86.Build.0 = Release|Any CPU
		{3B242B48-EF06-408F-B3CB-345245B94D9C}.Debug|Any CPU.ActiveCfg = Debug|Any CPU
		{3B242B48-EF06-408F-B3CB-345245B94D9C}.Debug|Any CPU.Build.0 = Debug|Any CPU
		{3B242B48-EF06-408F-B3CB-345245B94D9C}.Debug|arm64.ActiveCfg = Debug|Any CPU
		{3B242B48-EF06-408F-B3CB-345245B94D9C}.Debug|arm64.Build.0 = Debug|Any CPU
		{3B242B48-EF06-408F-B3CB-345245B94D9C}.Debug|x64.ActiveCfg = Debug|Any CPU
		{3B242B48-EF06-408F-B3CB-345245B94D9C}.Debug|x64.Build.0 = Debug|Any CPU
		{3B242B48-EF06-408F-B3CB-345245B94D9C}.Debug|x86.ActiveCfg = Debug|Any CPU
		{3B242B48-EF06-408F-B3CB-345245B94D9C}.Debug|x86.Build.0 = Debug|Any CPU
		{3B242B48-EF06-408F-B3CB-345245B94D9C}.Release|Any CPU.ActiveCfg = Release|Any CPU
		{3B242B48-EF06-408F-B3CB-345245B94D9C}.Release|Any CPU.Build.0 = Release|Any CPU
		{3B242B48-EF06-408F-B3CB-345245B94D9C}.Release|arm64.ActiveCfg = Release|Any CPU
		{3B242B48-EF06-408F-B3CB-345245B94D9C}.Release|arm64.Build.0 = Release|Any CPU
		{3B242B48-EF06-408F-B3CB-345245B94D9C}.Release|x64.ActiveCfg = Release|Any CPU
		{3B242B48-EF06-408F-B3CB-345245B94D9C}.Release|x64.Build.0 = Release|Any CPU
		{3B242B48-EF06-408F-B3CB-345245B94D9C}.Release|x86.ActiveCfg = Release|Any CPU
		{3B242B48-EF06-408F-B3CB-345245B94D9C}.Release|x86.Build.0 = Release|Any CPU
		{C32B05A1-F74D-4A1D-801F-60CFEE347193}.Debug|Any CPU.ActiveCfg = Debug|Any CPU
		{C32B05A1-F74D-4A1D-801F-60CFEE347193}.Debug|Any CPU.Build.0 = Debug|Any CPU
		{C32B05A1-F74D-4A1D-801F-60CFEE347193}.Debug|arm64.ActiveCfg = Debug|Any CPU
		{C32B05A1-F74D-4A1D-801F-60CFEE347193}.Debug|arm64.Build.0 = Debug|Any CPU
		{C32B05A1-F74D-4A1D-801F-60CFEE347193}.Debug|x64.ActiveCfg = Debug|Any CPU
		{C32B05A1-F74D-4A1D-801F-60CFEE347193}.Debug|x64.Build.0 = Debug|Any CPU
		{C32B05A1-F74D-4A1D-801F-60CFEE347193}.Debug|x86.ActiveCfg = Debug|Any CPU
		{C32B05A1-F74D-4A1D-801F-60CFEE347193}.Debug|x86.Build.0 = Debug|Any CPU
		{C32B05A1-F74D-4A1D-801F-60CFEE347193}.Release|Any CPU.ActiveCfg = Release|Any CPU
		{C32B05A1-F74D-4A1D-801F-60CFEE347193}.Release|Any CPU.Build.0 = Release|Any CPU
		{C32B05A1-F74D-4A1D-801F-60CFEE347193}.Release|arm64.ActiveCfg = Release|Any CPU
		{C32B05A1-F74D-4A1D-801F-60CFEE347193}.Release|arm64.Build.0 = Release|Any CPU
		{C32B05A1-F74D-4A1D-801F-60CFEE347193}.Release|x64.ActiveCfg = Release|Any CPU
		{C32B05A1-F74D-4A1D-801F-60CFEE347193}.Release|x64.Build.0 = Release|Any CPU
		{C32B05A1-F74D-4A1D-801F-60CFEE347193}.Release|x86.ActiveCfg = Release|Any CPU
		{C32B05A1-F74D-4A1D-801F-60CFEE347193}.Release|x86.Build.0 = Release|Any CPU
		{8103C4FE-07FF-4F8E-8CB8-876FB2559E2F}.Debug|Any CPU.ActiveCfg = Debug|Any CPU
		{8103C4FE-07FF-4F8E-8CB8-876FB2559E2F}.Debug|Any CPU.Build.0 = Debug|Any CPU
		{8103C4FE-07FF-4F8E-8CB8-876FB2559E2F}.Debug|arm64.ActiveCfg = Debug|Any CPU
		{8103C4FE-07FF-4F8E-8CB8-876FB2559E2F}.Debug|arm64.Build.0 = Debug|Any CPU
		{8103C4FE-07FF-4F8E-8CB8-876FB2559E2F}.Debug|x64.ActiveCfg = Debug|Any CPU
		{8103C4FE-07FF-4F8E-8CB8-876FB2559E2F}.Debug|x64.Build.0 = Debug|Any CPU
		{8103C4FE-07FF-4F8E-8CB8-876FB2559E2F}.Debug|x86.ActiveCfg = Debug|Any CPU
		{8103C4FE-07FF-4F8E-8CB8-876FB2559E2F}.Debug|x86.Build.0 = Debug|Any CPU
		{8103C4FE-07FF-4F8E-8CB8-876FB2559E2F}.Release|Any CPU.ActiveCfg = Release|Any CPU
		{8103C4FE-07FF-4F8E-8CB8-876FB2559E2F}.Release|Any CPU.Build.0 = Release|Any CPU
		{8103C4FE-07FF-4F8E-8CB8-876FB2559E2F}.Release|arm64.ActiveCfg = Release|Any CPU
		{8103C4FE-07FF-4F8E-8CB8-876FB2559E2F}.Release|arm64.Build.0 = Release|Any CPU
		{8103C4FE-07FF-4F8E-8CB8-876FB2559E2F}.Release|x64.ActiveCfg = Release|Any CPU
		{8103C4FE-07FF-4F8E-8CB8-876FB2559E2F}.Release|x64.Build.0 = Release|Any CPU
		{8103C4FE-07FF-4F8E-8CB8-876FB2559E2F}.Release|x86.ActiveCfg = Release|Any CPU
		{8103C4FE-07FF-4F8E-8CB8-876FB2559E2F}.Release|x86.Build.0 = Release|Any CPU
		{9F5677BE-E942-460D-BB2F-71D83E8B818E}.Debug|Any CPU.ActiveCfg = Debug|Any CPU
		{9F5677BE-E942-460D-BB2F-71D83E8B818E}.Debug|Any CPU.Build.0 = Debug|Any CPU
		{9F5677BE-E942-460D-BB2F-71D83E8B818E}.Debug|arm64.ActiveCfg = Debug|Any CPU
		{9F5677BE-E942-460D-BB2F-71D83E8B818E}.Debug|arm64.Build.0 = Debug|Any CPU
		{9F5677BE-E942-460D-BB2F-71D83E8B818E}.Debug|x64.ActiveCfg = Debug|Any CPU
		{9F5677BE-E942-460D-BB2F-71D83E8B818E}.Debug|x64.Build.0 = Debug|Any CPU
		{9F5677BE-E942-460D-BB2F-71D83E8B818E}.Debug|x86.ActiveCfg = Debug|Any CPU
		{9F5677BE-E942-460D-BB2F-71D83E8B818E}.Debug|x86.Build.0 = Debug|Any CPU
		{9F5677BE-E942-460D-BB2F-71D83E8B818E}.Release|Any CPU.ActiveCfg = Release|Any CPU
		{9F5677BE-E942-460D-BB2F-71D83E8B818E}.Release|Any CPU.Build.0 = Release|Any CPU
		{9F5677BE-E942-460D-BB2F-71D83E8B818E}.Release|arm64.ActiveCfg = Release|Any CPU
		{9F5677BE-E942-460D-BB2F-71D83E8B818E}.Release|arm64.Build.0 = Release|Any CPU
		{9F5677BE-E942-460D-BB2F-71D83E8B818E}.Release|x64.ActiveCfg = Release|Any CPU
		{9F5677BE-E942-460D-BB2F-71D83E8B818E}.Release|x64.Build.0 = Release|Any CPU
		{9F5677BE-E942-460D-BB2F-71D83E8B818E}.Release|x86.ActiveCfg = Release|Any CPU
		{9F5677BE-E942-460D-BB2F-71D83E8B818E}.Release|x86.Build.0 = Release|Any CPU
		{ED4418E3-0AA8-4DFC-A816-C12985E1D45E}.Debug|Any CPU.ActiveCfg = Debug|Any CPU
		{ED4418E3-0AA8-4DFC-A816-C12985E1D45E}.Debug|Any CPU.Build.0 = Debug|Any CPU
		{ED4418E3-0AA8-4DFC-A816-C12985E1D45E}.Debug|arm64.ActiveCfg = Debug|Any CPU
		{ED4418E3-0AA8-4DFC-A816-C12985E1D45E}.Debug|arm64.Build.0 = Debug|Any CPU
		{ED4418E3-0AA8-4DFC-A816-C12985E1D45E}.Debug|x64.ActiveCfg = Debug|Any CPU
		{ED4418E3-0AA8-4DFC-A816-C12985E1D45E}.Debug|x64.Build.0 = Debug|Any CPU
		{ED4418E3-0AA8-4DFC-A816-C12985E1D45E}.Debug|x86.ActiveCfg = Debug|Any CPU
		{ED4418E3-0AA8-4DFC-A816-C12985E1D45E}.Debug|x86.Build.0 = Debug|Any CPU
		{ED4418E3-0AA8-4DFC-A816-C12985E1D45E}.Release|Any CPU.ActiveCfg = Release|Any CPU
		{ED4418E3-0AA8-4DFC-A816-C12985E1D45E}.Release|Any CPU.Build.0 = Release|Any CPU
		{ED4418E3-0AA8-4DFC-A816-C12985E1D45E}.Release|arm64.ActiveCfg = Release|Any CPU
		{ED4418E3-0AA8-4DFC-A816-C12985E1D45E}.Release|arm64.Build.0 = Release|Any CPU
		{ED4418E3-0AA8-4DFC-A816-C12985E1D45E}.Release|x64.ActiveCfg = Release|Any CPU
		{ED4418E3-0AA8-4DFC-A816-C12985E1D45E}.Release|x64.Build.0 = Release|Any CPU
		{ED4418E3-0AA8-4DFC-A816-C12985E1D45E}.Release|x86.ActiveCfg = Release|Any CPU
		{ED4418E3-0AA8-4DFC-A816-C12985E1D45E}.Release|x86.Build.0 = Release|Any CPU
		{F937EF39-C319-4568-9F11-6F4F6E44B8B0}.Debug|Any CPU.ActiveCfg = Debug|Any CPU
		{F937EF39-C319-4568-9F11-6F4F6E44B8B0}.Debug|Any CPU.Build.0 = Debug|Any CPU
		{F937EF39-C319-4568-9F11-6F4F6E44B8B0}.Debug|arm64.ActiveCfg = Debug|Any CPU
		{F937EF39-C319-4568-9F11-6F4F6E44B8B0}.Debug|arm64.Build.0 = Debug|Any CPU
		{F937EF39-C319-4568-9F11-6F4F6E44B8B0}.Debug|x64.ActiveCfg = Debug|Any CPU
		{F937EF39-C319-4568-9F11-6F4F6E44B8B0}.Debug|x64.Build.0 = Debug|Any CPU
		{F937EF39-C319-4568-9F11-6F4F6E44B8B0}.Debug|x86.ActiveCfg = Debug|Any CPU
		{F937EF39-C319-4568-9F11-6F4F6E44B8B0}.Debug|x86.Build.0 = Debug|Any CPU
		{F937EF39-C319-4568-9F11-6F4F6E44B8B0}.Release|Any CPU.ActiveCfg = Release|Any CPU
		{F937EF39-C319-4568-9F11-6F4F6E44B8B0}.Release|Any CPU.Build.0 = Release|Any CPU
		{F937EF39-C319-4568-9F11-6F4F6E44B8B0}.Release|arm64.ActiveCfg = Release|Any CPU
		{F937EF39-C319-4568-9F11-6F4F6E44B8B0}.Release|arm64.Build.0 = Release|Any CPU
		{F937EF39-C319-4568-9F11-6F4F6E44B8B0}.Release|x64.ActiveCfg = Release|Any CPU
		{F937EF39-C319-4568-9F11-6F4F6E44B8B0}.Release|x64.Build.0 = Release|Any CPU
		{F937EF39-C319-4568-9F11-6F4F6E44B8B0}.Release|x86.ActiveCfg = Release|Any CPU
		{F937EF39-C319-4568-9F11-6F4F6E44B8B0}.Release|x86.Build.0 = Release|Any CPU
		{2CF8DAF2-092B-4241-BA32-10629C24E846}.Debug|Any CPU.ActiveCfg = Debug|Any CPU
		{2CF8DAF2-092B-4241-BA32-10629C24E846}.Debug|Any CPU.Build.0 = Debug|Any CPU
		{2CF8DAF2-092B-4241-BA32-10629C24E846}.Debug|arm64.ActiveCfg = Debug|Any CPU
		{2CF8DAF2-092B-4241-BA32-10629C24E846}.Debug|arm64.Build.0 = Debug|Any CPU
		{2CF8DAF2-092B-4241-BA32-10629C24E846}.Debug|x64.ActiveCfg = Debug|Any CPU
		{2CF8DAF2-092B-4241-BA32-10629C24E846}.Debug|x64.Build.0 = Debug|Any CPU
		{2CF8DAF2-092B-4241-BA32-10629C24E846}.Debug|x86.ActiveCfg = Debug|Any CPU
		{2CF8DAF2-092B-4241-BA32-10629C24E846}.Debug|x86.Build.0 = Debug|Any CPU
		{2CF8DAF2-092B-4241-BA32-10629C24E846}.Release|Any CPU.ActiveCfg = Release|Any CPU
		{2CF8DAF2-092B-4241-BA32-10629C24E846}.Release|Any CPU.Build.0 = Release|Any CPU
		{2CF8DAF2-092B-4241-BA32-10629C24E846}.Release|arm64.ActiveCfg = Release|Any CPU
		{2CF8DAF2-092B-4241-BA32-10629C24E846}.Release|arm64.Build.0 = Release|Any CPU
		{2CF8DAF2-092B-4241-BA32-10629C24E846}.Release|x64.ActiveCfg = Release|Any CPU
		{2CF8DAF2-092B-4241-BA32-10629C24E846}.Release|x64.Build.0 = Release|Any CPU
		{2CF8DAF2-092B-4241-BA32-10629C24E846}.Release|x86.ActiveCfg = Release|Any CPU
		{2CF8DAF2-092B-4241-BA32-10629C24E846}.Release|x86.Build.0 = Release|Any CPU
		{A9E0F321-9097-4E31-8B2C-32912279405C}.Debug|Any CPU.ActiveCfg = Debug|Any CPU
		{A9E0F321-9097-4E31-8B2C-32912279405C}.Debug|Any CPU.Build.0 = Debug|Any CPU
		{A9E0F321-9097-4E31-8B2C-32912279405C}.Debug|arm64.ActiveCfg = Debug|Any CPU
		{A9E0F321-9097-4E31-8B2C-32912279405C}.Debug|arm64.Build.0 = Debug|Any CPU
		{A9E0F321-9097-4E31-8B2C-32912279405C}.Debug|x64.ActiveCfg = Debug|Any CPU
		{A9E0F321-9097-4E31-8B2C-32912279405C}.Debug|x64.Build.0 = Debug|Any CPU
		{A9E0F321-9097-4E31-8B2C-32912279405C}.Debug|x86.ActiveCfg = Debug|Any CPU
		{A9E0F321-9097-4E31-8B2C-32912279405C}.Debug|x86.Build.0 = Debug|Any CPU
		{A9E0F321-9097-4E31-8B2C-32912279405C}.Release|Any CPU.ActiveCfg = Release|Any CPU
		{A9E0F321-9097-4E31-8B2C-32912279405C}.Release|Any CPU.Build.0 = Release|Any CPU
		{A9E0F321-9097-4E31-8B2C-32912279405C}.Release|arm64.ActiveCfg = Release|Any CPU
		{A9E0F321-9097-4E31-8B2C-32912279405C}.Release|arm64.Build.0 = Release|Any CPU
		{A9E0F321-9097-4E31-8B2C-32912279405C}.Release|x64.ActiveCfg = Release|Any CPU
		{A9E0F321-9097-4E31-8B2C-32912279405C}.Release|x64.Build.0 = Release|Any CPU
		{A9E0F321-9097-4E31-8B2C-32912279405C}.Release|x86.ActiveCfg = Release|Any CPU
		{A9E0F321-9097-4E31-8B2C-32912279405C}.Release|x86.Build.0 = Release|Any CPU
		{2DF22A68-E2BD-4463-89F1-7FA323642E0F}.Debug|Any CPU.ActiveCfg = Debug|Any CPU
		{2DF22A68-E2BD-4463-89F1-7FA323642E0F}.Debug|Any CPU.Build.0 = Debug|Any CPU
		{2DF22A68-E2BD-4463-89F1-7FA323642E0F}.Debug|arm64.ActiveCfg = Debug|Any CPU
		{2DF22A68-E2BD-4463-89F1-7FA323642E0F}.Debug|arm64.Build.0 = Debug|Any CPU
		{2DF22A68-E2BD-4463-89F1-7FA323642E0F}.Debug|x64.ActiveCfg = Debug|Any CPU
		{2DF22A68-E2BD-4463-89F1-7FA323642E0F}.Debug|x64.Build.0 = Debug|Any CPU
		{2DF22A68-E2BD-4463-89F1-7FA323642E0F}.Debug|x86.ActiveCfg = Debug|Any CPU
		{2DF22A68-E2BD-4463-89F1-7FA323642E0F}.Debug|x86.Build.0 = Debug|Any CPU
		{2DF22A68-E2BD-4463-89F1-7FA323642E0F}.Release|Any CPU.ActiveCfg = Release|Any CPU
		{2DF22A68-E2BD-4463-89F1-7FA323642E0F}.Release|Any CPU.Build.0 = Release|Any CPU
		{2DF22A68-E2BD-4463-89F1-7FA323642E0F}.Release|arm64.ActiveCfg = Release|Any CPU
		{2DF22A68-E2BD-4463-89F1-7FA323642E0F}.Release|arm64.Build.0 = Release|Any CPU
		{2DF22A68-E2BD-4463-89F1-7FA323642E0F}.Release|x64.ActiveCfg = Release|Any CPU
		{2DF22A68-E2BD-4463-89F1-7FA323642E0F}.Release|x64.Build.0 = Release|Any CPU
		{2DF22A68-E2BD-4463-89F1-7FA323642E0F}.Release|x86.ActiveCfg = Release|Any CPU
		{2DF22A68-E2BD-4463-89F1-7FA323642E0F}.Release|x86.Build.0 = Release|Any CPU
	EndGlobalSection
	GlobalSection(SolutionProperties) = preSolution
		HideSolutionNode = FALSE
	EndGlobalSection
	GlobalSection(ExtensibilityGlobals) = postSolution
		SolutionGuid = {67611DD7-8DB6-49E3-93BD-BCAAC612A813}
	EndGlobalSection
EndGlobal
